dependencies:
- name: traefik
  repository: https://traefik.github.io/charts
  version: 37.1.1
- name: traefik
  repository: https://traefik.github.io/charts
  version: 37.1.1
- name: traefik
  repository: https://traefik.github.io/charts
  version: 37.1.1
digest: sha256:a3b4e0c42736d8525743e460076de7ed1f71a986c194ba21b7671dbfbe78238e
generated: "2025-09-12T16:30:08.085689387Z"
